
Microsoft Visual Studio Solution File, Format Version 12.00
# Visual Studio Version 17
VisualStudioVersion = 17.5.33530.505
MinimumVisualStudioVersion = 10.0.40219.1
Project("{9A19103F-16F7-4668-BE54-9A1E7A4F7556}") = "GymCheck", "GymCheck\GymCheck.csproj", "{C64AF6FC-E365-41CE-B19A-9B4F33DAA553}"
EndProject
Project("{2150E333-8FDC-42A3-9474-1A3956D46DE8}") = "Data", "Data", "{188098EB-CCCD-48D1-B982-AEF44259197E}"
EndProject
Project("{2150E333-8FDC-42A3-9474-1A3956D46DE8}") = "Recursos", "Recursos", "{590F9E48-33AA-4B2D-8C6D-520EC5046369}"
EndProject
Project("{9A19103F-16F7-4668-BE54-9A1E7A4F7556}") = "GymDBData", "GymDBData\GymDBData.csproj", "{BCAF870E-64DA-46AB-BABB-6851114320B8}"
EndProject
Project("{2150E333-8FDC-42A3-9474-1A3956D46DE8}") = "Vistas", "Vistas", "{64DD5D5A-FDF3-49DC-AB09-4DD1184DE4CE}"
EndProject
Project("{9A19103F-16F7-4668-BE54-9A1E7A4F7556}") = "Miselaneas", "Miselaneas\Miselaneas.csproj", "{6ACF2E36-DA43-419F-BB27-3C5CDA471815}"
EndProject
Project("{9A19103F-16F7-4668-BE54-9A1E7A4F7556}") = "Servicios", "Servicios\Servicios.csproj", "{20ECD0E4-C63F-4FD5-BB58-B70102835311}"
EndProject
Project("{9A19103F-16F7-4668-BE54-9A1E7A4F7556}") = "Control", "Control\Control.csproj", "{FE2AE493-3C25-4E7D-AE36-F62235D1F21B}"
EndProject
Project("{9A19103F-16F7-4668-BE54-9A1E7A4F7556}") = "GymCheck.Mensajes", "GymCheck.Mensajes\GymCheck.Mensajes.csproj", "{1F2B431E-E2CD-4B05-9E3D-71AD2045E0B3}"
EndProject
Project("{FAE04EC0-301F-11D3-BF4B-00C04F79EFBC}") = "Customer", "Customer\Customer.csproj", "{2286B649-EE04-4925-81A3-F0948DB5DCA1}"
EndProject
Global
	GlobalSection(SolutionConfigurationPlatforms) = preSolution
		Debug|Any CPU = Debug|Any CPU
		Release|Any CPU = Release|Any CPU
	EndGlobalSection
	GlobalSection(ProjectConfigurationPlatforms) = postSolution
		{C64AF6FC-E365-41CE-B19A-9B4F33DAA553}.Debug|Any CPU.ActiveCfg = Debug|Any CPU
		{C64AF6FC-E365-41CE-B19A-9B4F33DAA553}.Debug|Any CPU.Build.0 = Debug|Any CPU
		{C64AF6FC-E365-41CE-B19A-9B4F33DAA553}.Release|Any CPU.ActiveCfg = Release|Any CPU
		{C64AF6FC-E365-41CE-B19A-9B4F33DAA553}.Release|Any CPU.Build.0 = Release|Any CPU
		{BCAF870E-64DA-46AB-BABB-6851114320B8}.Debug|Any CPU.ActiveCfg = Debug|Any CPU
		{BCAF870E-64DA-46AB-BABB-6851114320B8}.Debug|Any CPU.Build.0 = Debug|Any CPU
		{BCAF870E-64DA-46AB-BABB-6851114320B8}.Release|Any CPU.ActiveCfg = Release|Any CPU
		{BCAF870E-64DA-46AB-BABB-6851114320B8}.Release|Any CPU.Build.0 = Release|Any CPU
		{6ACF2E36-DA43-419F-BB27-3C5CDA471815}.Debug|Any CPU.ActiveCfg = Debug|Any CPU
		{6ACF2E36-DA43-419F-BB27-3C5CDA471815}.Debug|Any CPU.Build.0 = Debug|Any CPU
		{6ACF2E36-DA43-419F-BB27-3C5CDA471815}.Release|Any CPU.ActiveCfg = Release|Any CPU
		{6ACF2E36-DA43-419F-BB27-3C5CDA471815}.Release|Any CPU.Build.0 = Release|Any CPU
		{20ECD0E4-C63F-4FD5-BB58-B70102835311}.Debug|Any CPU.ActiveCfg = Debug|Any CPU
		{20ECD0E4-C63F-4FD5-BB58-B70102835311}.Debug|Any CPU.Build.0 = Debug|Any CPU
		{20ECD0E4-C63F-4FD5-BB58-B70102835311}.Release|Any CPU.ActiveCfg = Release|Any CPU
		{20ECD0E4-C63F-4FD5-BB58-B70102835311}.Release|Any CPU.Build.0 = Release|Any CPU
		{FE2AE493-3C25-4E7D-AE36-F62235D1F21B}.Debug|Any CPU.ActiveCfg = Debug|Any CPU
		{FE2AE493-3C25-4E7D-AE36-F62235D1F21B}.Debug|Any CPU.Build.0 = Debug|Any CPU
		{FE2AE493-3C25-4E7D-AE36-F62235D1F21B}.Release|Any CPU.ActiveCfg = Release|Any CPU
		{FE2AE493-3C25-4E7D-AE36-F62235D1F21B}.Release|Any CPU.Build.0 = Release|Any CPU
		{1F2B431E-E2CD-4B05-9E3D-71AD2045E0B3}.Debug|Any CPU.ActiveCfg = Debug|Any CPU
		{1F2B431E-E2CD-4B05-9E3D-71AD2045E0B3}.Debug|Any CPU.Build.0 = Debug|Any CPU
		{1F2B431E-E2CD-4B05-9E3D-71AD2045E0B3}.Release|Any CPU.ActiveCfg = Release|Any CPU
		{1F2B431E-E2CD-4B05-9E3D-71AD2045E0B3}.Release|Any CPU.Build.0 = Release|Any CPU
		{2286B649-EE04-4925-81A3-F0948DB5DCA1}.Debug|Any CPU.ActiveCfg = Debug|Any CPU
		{2286B649-EE04-4925-81A3-F0948DB5DCA1}.Debug|Any CPU.Build.0 = Debug|Any CPU
		{2286B649-EE04-4925-81A3-F0948DB5DCA1}.Release|Any CPU.ActiveCfg = Release|Any CPU
		{2286B649-EE04-4925-81A3-F0948DB5DCA1}.Release|Any CPU.Build.0 = Release|Any CPU
	EndGlobalSection
	GlobalSection(SolutionProperties) = preSolution
		HideSolutionNode = FALSE
	EndGlobalSection
	GlobalSection(NestedProjects) = preSolution
		{BCAF870E-64DA-46AB-BABB-6851114320B8} = {188098EB-CCCD-48D1-B982-AEF44259197E}
		{6ACF2E36-DA43-419F-BB27-3C5CDA471815} = {64DD5D5A-FDF3-49DC-AB09-4DD1184DE4CE}
		{1F2B431E-E2CD-4B05-9E3D-71AD2045E0B3} = {64DD5D5A-FDF3-49DC-AB09-4DD1184DE4CE}
		{2286B649-EE04-4925-81A3-F0948DB5DCA1} = {64DD5D5A-FDF3-49DC-AB09-4DD1184DE4CE}
	EndGlobalSection
	GlobalSection(ExtensibilityGlobals) = postSolution
		SolutionGuid = {490D3B48-0AC8-4122-98BA-D0B2DDE582C2}
	EndGlobalSection
EndGlobal
